
Microsoft Visual Studio Solution File, Format Version 12.00
# Visual Studio Version 17
VisualStudioVersion = 17.4.33213.308
MinimumVisualStudioVersion = 10.0.40219.1
Project("{FAE04EC0-301F-11D3-BF4B-00C04F79EFBC}") = "DiscordBotNet6.0", "DiscordBotNet6.0\DiscordBotNet6.0.csproj", "{50E9E9C3-5F55-4009-A6C6-403E9BB7CC3F}"
EndProject
Global
	GlobalSection(SolutionConfigurationPlatforms) = preSolution
		Debug|Any CPU = Debug|Any CPU
		Release|Any CPU = Release|Any CPU
	EndGlobalSection
	GlobalSection(ProjectConfigurationPlatforms) = postSolution
		{50E9E9C3-5F55-4009-A6C6-403E9BB7CC3F}.Debug|Any CPU.ActiveCfg = Debug|Any CPU
		{50E9E9C3-5F55-4009-A6C6-403E9BB7CC3F}.Debug|Any CPU.Build.0 = Debug|Any CPU
		{50E9E9C3-5F55-4009-A6C6-403E9BB7CC3F}.Release|Any CPU.ActiveCfg = Release|Any CPU
		{50E9E9C3-5F55-4009-A6C6-403E9BB7CC3F}.Release|Any CPU.Build.0 = Release|Any CPU
	EndGlobalSection
	GlobalSection(SolutionProperties) = preSolution
		HideSolutionNode = FALSE
	EndGlobalSection
	GlobalSection(ExtensibilityGlobals) = postSolution
		SolutionGuid = {6B8C4323-8678-4E67-B977-25AC35918449}
	EndGlobalSection
EndGlobal
